
Microsoft Visual Studio Solution File, Format Version 12.00
# Visual Studio Version 16
VisualStudioVersion = 16.0.30114.105
MinimumVisualStudioVersion = 10.0.40219.1
Project("{9A19103F-16F7-4668-BE54-9A1E7A4F7556}") = "MasstransitExample.API", "MasstransitExample.API\MasstransitExample.API.csproj", "{CD7F2781-BF29-4015-B788-9C99AEDA0E21}"
EndProject
Project("{9A19103F-16F7-4668-BE54-9A1E7A4F7556}") = "MasstransitExample.API.Contracts", "MasstransitExample.API.Contracts\MasstransitExample.API.Contracts.csproj", "{863465CD-0B7E-4022-B4D5-3171CDB0FCC4}"
EndProject
Project("{FAE04EC0-301F-11D3-BF4B-00C04F79EFBC}") = "MasstransitExample.MVC", "MasstransitExample.MVC\MasstransitExample.MVC.csproj", "{BE724475-D017-4264-8BF0-F24FFAFFCB94}"
EndProject
Global
	GlobalSection(SolutionConfigurationPlatforms) = preSolution
		Debug|Any CPU = Debug|Any CPU
		Debug|x64 = Debug|x64
		Debug|x86 = Debug|x86
		Release|Any CPU = Release|Any CPU
		Release|x64 = Release|x64
		Release|x86 = Release|x86
	EndGlobalSection
	GlobalSection(ProjectConfigurationPlatforms) = postSolution
		{CD7F2781-BF29-4015-B788-9C99AEDA0E21}.Debug|Any CPU.ActiveCfg = Debug|Any CPU
		{CD7F2781-BF29-4015-B788-9C99AEDA0E21}.Debug|Any CPU.Build.0 = Debug|Any CPU
		{CD7F2781-BF29-4015-B788-9C99AEDA0E21}.Debug|x64.ActiveCfg = Debug|Any CPU
		{CD7F2781-BF29-4015-B788-9C99AEDA0E21}.Debug|x64.Build.0 = Debug|Any CPU
		{CD7F2781-BF29-4015-B788-9C99AEDA0E21}.Debug|x86.ActiveCfg = Debug|Any CPU
		{CD7F2781-BF29-4015-B788-9C99AEDA0E21}.Debug|x86.Build.0 = Debug|Any CPU
		{CD7F2781-BF29-4015-B788-9C99AEDA0E21}.Release|Any CPU.ActiveCfg = Release|Any CPU
		{CD7F2781-BF29-4015-B788-9C99AEDA0E21}.Release|Any CPU.Build.0 = Release|Any CPU
		{CD7F2781-BF29-4015-B788-9C99AEDA0E21}.Release|x64.ActiveCfg = Release|Any CPU
		{CD7F2781-BF29-4015-B788-9C99AEDA0E21}.Release|x64.Build.0 = Release|Any CPU
		{CD7F2781-BF29-4015-B788-9C99AEDA0E21}.Release|x86.ActiveCfg = Release|Any CPU
		{CD7F2781-BF29-4015-B788-9C99AEDA0E21}.Release|x86.Build.0 = Release|Any CPU
		{863465CD-0B7E-4022-B4D5-3171CDB0FCC4}.Debug|Any CPU.ActiveCfg = Debug|Any CPU
		{863465CD-0B7E-4022-B4D5-3171CDB0FCC4}.Debug|Any CPU.Build.0 = Debug|Any CPU
		{863465CD-0B7E-4022-B4D5-3171CDB0FCC4}.Debug|x64.ActiveCfg = Debug|Any CPU
		{863465CD-0B7E-4022-B4D5-3171CDB0FCC4}.Debug|x64.Build.0 = Debug|Any CPU
		{863465CD-0B7E-4022-B4D5-3171CDB0FCC4}.Debug|x86.ActiveCfg = Debug|Any CPU
		{863465CD-0B7E-4022-B4D5-3171CDB0FCC4}.Debug|x86.Build.0 = Debug|Any CPU
		{863465CD-0B7E-4022-B4D5-3171CDB0FCC4}.Release|Any CPU.ActiveCfg = Release|Any CPU
		{863465CD-0B7E-4022-B4D5-3171CDB0FCC4}.Release|Any CPU.Build.0 = Release|Any CPU
		{863465CD-0B7E-4022-B4D5-3171CDB0FCC4}.Release|x64.ActiveCfg = Release|Any CPU
		{863465CD-0B7E-4022-B4D5-3171CDB0FCC4}.Release|x64.Build.0 = Release|Any CPU
		{863465CD-0B7E-4022-B4D5-3171CDB0FCC4}.Release|x86.ActiveCfg = Release|Any CPU
		{863465CD-0B7E-4022-B4D5-3171CDB0FCC4}.Release|x86.Build.0 = Release|Any CPU
		{BE724475-D017-4264-8BF0-F24FFAFFCB94}.Debug|Any CPU.ActiveCfg = Debug|Any CPU
		{BE724475-D017-4264-8BF0-F24FFAFFCB94}.Debug|Any CPU.Build.0 = Debug|Any CPU
		{BE724475-D017-4264-8BF0-F24FFAFFCB94}.Debug|x64.ActiveCfg = Debug|Any CPU
		{BE724475-D017-4264-8BF0-F24FFAFFCB94}.Debug|x64.Build.0 = Debug|Any CPU
		{BE724475-D017-4264-8BF0-F24FFAFFCB94}.Debug|x86.ActiveCfg = Debug|Any CPU
		{BE724475-D017-4264-8BF0-F24FFAFFCB94}.Debug|x86.Build.0 = Debug|Any CPU
		{BE724475-D017-4264-8BF0-F24FFAFFCB94}.Release|Any CPU.ActiveCfg = Release|Any CPU
		{BE724475-D017-4264-8BF0-F24FFAFFCB94}.Release|Any CPU.Build.0 = Release|Any CPU
		{BE724475-D017-4264-8BF0-F24FFAFFCB94}.Release|x64.ActiveCfg = Release|Any CPU
		{BE724475-D017-4264-8BF0-F24FFAFFCB94}.Release|x64.Build.0 = Release|Any CPU
		{BE724475-D017-4264-8BF0-F24FFAFFCB94}.Release|x86.ActiveCfg = Release|Any CPU
		{BE724475-D017-4264-8BF0-F24FFAFFCB94}.Release|x86.Build.0 = Release|Any CPU
	EndGlobalSection
	GlobalSection(SolutionProperties) = preSolution
		HideSolutionNode = FALSE
	EndGlobalSection
	GlobalSection(ExtensibilityGlobals) = postSolution
		SolutionGuid = {96F63E77-2757-4AE0-8A5D-6EB097F9D500}
	EndGlobalSection
EndGlobal
